
Microsoft Visual Studio Solution File, Format Version 12.00
# Visual Studio 15
VisualStudioVersion = 15.0.28307.168
MinimumVisualStudioVersion = 10.0.40219.1
Project("{FAE04EC0-301F-11D3-BF4B-00C04F79EFBC}") = "SertifiTest", "SertifiTest\SertifiTest.csproj", "{4BFBF73D-12AA-4DAB-8677-A956039B963C}"
EndProject
Project("{FAE04EC0-301F-11D3-BF4B-00C04F79EFBC}") = "SertifiUnitTests", "SertifiUnitTests\SertifiUnitTests.csproj", "{9DFC2B22-2EED-4576-A4A3-70B0B44B7C10}"
EndProject
Global
	GlobalSection(SolutionConfigurationPlatforms) = preSolution
		Debug|Any CPU = Debug|Any CPU
		Release|Any CPU = Release|Any CPU
	EndGlobalSection
	GlobalSection(ProjectConfigurationPlatforms) = postSolution
		{4BFBF73D-12AA-4DAB-8677-A956039B963C}.Debug|Any CPU.ActiveCfg = Debug|Any CPU
		{4BFBF73D-12AA-4DAB-8677-A956039B963C}.Debug|Any CPU.Build.0 = Debug|Any CPU
		{4BFBF73D-12AA-4DAB-8677-A956039B963C}.Release|Any CPU.ActiveCfg = Release|Any CPU
		{4BFBF73D-12AA-4DAB-8677-A956039B963C}.Release|Any CPU.Build.0 = Release|Any CPU
		{9DFC2B22-2EED-4576-A4A3-70B0B44B7C10}.Debug|Any CPU.ActiveCfg = Debug|Any CPU
		{9DFC2B22-2EED-4576-A4A3-70B0B44B7C10}.Debug|Any CPU.Build.0 = Debug|Any CPU
		{9DFC2B22-2EED-4576-A4A3-70B0B44B7C10}.Release|Any CPU.ActiveCfg = Release|Any CPU
		{9DFC2B22-2EED-4576-A4A3-70B0B44B7C10}.Release|Any CPU.Build.0 = Release|Any CPU
	EndGlobalSection
	GlobalSection(SolutionProperties) = preSolution
		HideSolutionNode = FALSE
	EndGlobalSection
	GlobalSection(ExtensibilityGlobals) = postSolution
		SolutionGuid = {96F286B7-BEA7-4F64-8B49-A2E5AA96DF01}
	EndGlobalSection
EndGlobal
